
Microsoft Visual Studio Solution File, Format Version 12.00
# Visual Studio Version 16
VisualStudioVersion = 16.0.30011.22
MinimumVisualStudioVersion = 10.0.40219.1
Project("{9A19103F-16F7-4668-BE54-9A1E7A4F7556}") = "LLDSolutions", "LLDSolutions.csproj", "{1B3E3B79-7824-4F43-8300-8C1BC31B5CD7}"
EndProject
Project("{FAE04EC0-301F-11D3-BF4B-00C04F79EFBC}") = "DesignPattern", "..\DesignPattern\DesignPattern.csproj", "{CC80DDEC-4D11-4E9A-ACAD-67AE9FB770BF}"
EndProject
Global
	GlobalSection(SolutionConfigurationPlatforms) = preSolution
		Debug|Any CPU = Debug|Any CPU
		Release|Any CPU = Release|Any CPU
	EndGlobalSection
	GlobalSection(ProjectConfigurationPlatforms) = postSolution
		{1B3E3B79-7824-4F43-8300-8C1BC31B5CD7}.Debug|Any CPU.ActiveCfg = Debug|Any CPU
		{1B3E3B79-7824-4F43-8300-8C1BC31B5CD7}.Debug|Any CPU.Build.0 = Debug|Any CPU
		{1B3E3B79-7824-4F43-8300-8C1BC31B5CD7}.Release|Any CPU.ActiveCfg = Release|Any CPU
		{1B3E3B79-7824-4F43-8300-8C1BC31B5CD7}.Release|Any CPU.Build.0 = Release|Any CPU
		{CC80DDEC-4D11-4E9A-ACAD-67AE9FB770BF}.Debug|Any CPU.ActiveCfg = Debug|Any CPU
		{CC80DDEC-4D11-4E9A-ACAD-67AE9FB770BF}.Debug|Any CPU.Build.0 = Debug|Any CPU
		{CC80DDEC-4D11-4E9A-ACAD-67AE9FB770BF}.Release|Any CPU.ActiveCfg = Release|Any CPU
		{CC80DDEC-4D11-4E9A-ACAD-67AE9FB770BF}.Release|Any CPU.Build.0 = Release|Any CPU
	EndGlobalSection
	GlobalSection(SolutionProperties) = preSolution
		HideSolutionNode = FALSE
	EndGlobalSection
	GlobalSection(ExtensibilityGlobals) = postSolution
		SolutionGuid = {97815879-8EC2-4422-8DE6-D4A579C3FAF8}
	EndGlobalSection
EndGlobal
