
Microsoft Visual Studio Solution File, Format Version 12.00
# Visual Studio Version 17
VisualStudioVersion = 17.1.32328.378
MinimumVisualStudioVersion = 10.0.40219.1
Project("{9A19103F-16F7-4668-BE54-9A1E7A4F7556}") = "LLDSolutions", "LLDSolutions.csproj", "{1B3E3B79-7824-4F43-8300-8C1BC31B5CD7}"
EndProject
Project("{FAE04EC0-301F-11D3-BF4B-00C04F79EFBC}") = "DesignPattern", "..\DesignPattern\DesignPattern.csproj", "{CC80DDEC-4D11-4E9A-ACAD-67AE9FB770BF}"
EndProject
Project("{FAE04EC0-301F-11D3-BF4B-00C04F79EFBC}") = "CSharpFeatures", "..\CSharpFeatures\CSharpFeatures.csproj", "{0C91A58E-FB3B-4D49-A8A6-EED91C3AE0C6}"
EndProject
Project("{FAE04EC0-301F-11D3-BF4B-00C04F79EFBC}") = "CSharpTestApp", "..\CShareTestApp\CSharpTestApp.csproj", "{93A67BB9-3DFD-40F5-A339-3D8603C9D61B}"
EndProject
Project("{FAE04EC0-301F-11D3-BF4B-00C04F79EFBC}") = "OOPS", "..\OOPS\OOPS.csproj", "{27D07561-332F-4A05-BBE2-9310C3DD0CFD}"
EndProject
Global
	GlobalSection(SolutionConfigurationPlatforms) = preSolution
		Debug|Any CPU = Debug|Any CPU
		Release|Any CPU = Release|Any CPU
	EndGlobalSection
	GlobalSection(ProjectConfigurationPlatforms) = postSolution
		{1B3E3B79-7824-4F43-8300-8C1BC31B5CD7}.Debug|Any CPU.ActiveCfg = Debug|Any CPU
		{1B3E3B79-7824-4F43-8300-8C1BC31B5CD7}.Debug|Any CPU.Build.0 = Debug|Any CPU
		{1B3E3B79-7824-4F43-8300-8C1BC31B5CD7}.Release|Any CPU.ActiveCfg = Release|Any CPU
		{1B3E3B79-7824-4F43-8300-8C1BC31B5CD7}.Release|Any CPU.Build.0 = Release|Any CPU
		{CC80DDEC-4D11-4E9A-ACAD-67AE9FB770BF}.Debug|Any CPU.ActiveCfg = Debug|Any CPU
		{CC80DDEC-4D11-4E9A-ACAD-67AE9FB770BF}.Debug|Any CPU.Build.0 = Debug|Any CPU
		{CC80DDEC-4D11-4E9A-ACAD-67AE9FB770BF}.Release|Any CPU.ActiveCfg = Release|Any CPU
		{CC80DDEC-4D11-4E9A-ACAD-67AE9FB770BF}.Release|Any CPU.Build.0 = Release|Any CPU
		{0C91A58E-FB3B-4D49-A8A6-EED91C3AE0C6}.Debug|Any CPU.ActiveCfg = Debug|Any CPU
		{0C91A58E-FB3B-4D49-A8A6-EED91C3AE0C6}.Debug|Any CPU.Build.0 = Debug|Any CPU
		{0C91A58E-FB3B-4D49-A8A6-EED91C3AE0C6}.Release|Any CPU.ActiveCfg = Release|Any CPU
		{0C91A58E-FB3B-4D49-A8A6-EED91C3AE0C6}.Release|Any CPU.Build.0 = Release|Any CPU
		{93A67BB9-3DFD-40F5-A339-3D8603C9D61B}.Debug|Any CPU.ActiveCfg = Debug|Any CPU
		{93A67BB9-3DFD-40F5-A339-3D8603C9D61B}.Debug|Any CPU.Build.0 = Debug|Any CPU
		{93A67BB9-3DFD-40F5-A339-3D8603C9D61B}.Release|Any CPU.ActiveCfg = Release|Any CPU
		{93A67BB9-3DFD-40F5-A339-3D8603C9D61B}.Release|Any CPU.Build.0 = Release|Any CPU
		{27D07561-332F-4A05-BBE2-9310C3DD0CFD}.Debug|Any CPU.ActiveCfg = Debug|Any CPU
		{27D07561-332F-4A05-BBE2-9310C3DD0CFD}.Debug|Any CPU.Build.0 = Debug|Any CPU
		{27D07561-332F-4A05-BBE2-9310C3DD0CFD}.Release|Any CPU.ActiveCfg = Release|Any CPU
		{27D07561-332F-4A05-BBE2-9310C3DD0CFD}.Release|Any CPU.Build.0 = Release|Any CPU
	EndGlobalSection
	GlobalSection(SolutionProperties) = preSolution
		HideSolutionNode = FALSE
	EndGlobalSection
	GlobalSection(ExtensibilityGlobals) = postSolution
		SolutionGuid = {97815879-8EC2-4422-8DE6-D4A579C3FAF8}
	EndGlobalSection
EndGlobal
